// !$*UTF8*$!
{
	archiveVersion = 1;
	classes = {
	};
	objectVersion = 71;
	objects = {

/* Begin PBXBuildFile section */
		A00000000000000000000101 /* iTimeApp.swift in Sources */ = {isa = PBXBuildFile; fileRef = A00000000000000000000010 /* iTimeApp.swift */; };
		A00000000000000000000102 /* AppModel.swift in Sources */ = {isa = PBXBuildFile; fileRef = A00000000000000000000011 /* AppModel.swift */; };
		A00000000000000000000103 /* CalendarEventRecord.swift in Sources */ = {isa = PBXBuildFile; fileRef = A00000000000000000000012 /* CalendarEventRecord.swift */; };
		A00000000000000000000104 /* CalendarSource.swift in Sources */ = {isa = PBXBuildFile; fileRef = A00000000000000000000013 /* CalendarSource.swift */; };
		A00000000000000000000105 /* TimeBucketSummary.swift in Sources */ = {isa = PBXBuildFile; fileRef = A00000000000000000000014 /* TimeBucketSummary.swift */; };
		A00000000000000000000106 /* TimeOverview.swift in Sources */ = {isa = PBXBuildFile; fileRef = A00000000000000000000015 /* TimeOverview.swift */; };
		A00000000000000000000107 /* TimeRangePreset.swift in Sources */ = {isa = PBXBuildFile; fileRef = A00000000000000000000016 /* TimeRangePreset.swift */; };
		A00000000000000000000108 /* CalendarAccessServing.swift in Sources */ = {isa = PBXBuildFile; fileRef = A00000000000000000000017 /* CalendarAccessServing.swift */; };
		A00000000000000000000109 /* CalendarStatisticsAggregator.swift in Sources */ = {isa = PBXBuildFile; fileRef = A00000000000000000000018 /* CalendarStatisticsAggregator.swift */; };
		A0000000000000000000010A /* EventKitCalendarAccessService.swift in Sources */ = {isa = PBXBuildFile; fileRef = A00000000000000000000019 /* EventKitCalendarAccessService.swift */; };
		A0000000000000000000010B /* StatisticsAggregating.swift in Sources */ = {isa = PBXBuildFile; fileRef = A0000000000000000000001A /* StatisticsAggregating.swift */; };
		A0000000000000000000010C /* TimeInterval+Formatting.swift in Sources */ = {isa = PBXBuildFile; fileRef = A0000000000000000000001B /* TimeInterval+Formatting.swift */; };
		A0000000000000000000010D /* CGColor+Hex.swift in Sources */ = {isa = PBXBuildFile; fileRef = A0000000000000000000001C /* CGColor+Hex.swift */; };
		A0000000000000000000010E /* AuthorizationStateView.swift in Sources */ = {isa = PBXBuildFile; fileRef = A0000000000000000000001D /* AuthorizationStateView.swift */; };
		A0000000000000000000010F /* RangePicker.swift in Sources */ = {isa = PBXBuildFile; fileRef = A0000000000000000000001E /* RangePicker.swift */; };
		A00000000000000000000110 /* MenuBarContentView.swift in Sources */ = {isa = PBXBuildFile; fileRef = A0000000000000000000001F /* MenuBarContentView.swift */; };
		A00000000000000000000111 /* OverviewChartView.swift in Sources */ = {isa = PBXBuildFile; fileRef = A00000000000000000000020 /* OverviewChartView.swift */; };
		A00000000000000000000112 /* OverviewWindowView.swift in Sources */ = {isa = PBXBuildFile; fileRef = A00000000000000000000021 /* OverviewWindowView.swift */; };
		A00000000000000000000113 /* Color+Hex.swift in Sources */ = {isa = PBXBuildFile; fileRef = A00000000000000000000022 /* Color+Hex.swift */; };
		A00000000000000000000114 /* LiquidGlassCard.swift in Sources */ = {isa = PBXBuildFile; fileRef = A00000000000000000000023 /* LiquidGlassCard.swift */; };
		A00000000000000000000115 /* UserPreferences.swift in Sources */ = {isa = PBXBuildFile; fileRef = A0000000000000000000002A /* UserPreferences.swift */; };
		A00000000000000000000116 /* SettingsView.swift in Sources */ = {isa = PBXBuildFile; fileRef = A0000000000000000000002B /* SettingsView.swift */; };
		A00000000000000000000117 /* AppTheme.swift in Sources */ = {isa = PBXBuildFile; fileRef = A0000000000000000000002C /* AppTheme.swift */; };
		A00000000000000000000118 /* StatisticsDateRange.swift in Sources */ = {isa = PBXBuildFile; fileRef = A0000000000000000000002D /* StatisticsDateRange.swift */; };
		A00000000000000000000119 /* DailyDurationSummary.swift in Sources */ = {isa = PBXBuildFile; fileRef = A0000000000000000000002E /* DailyDurationSummary.swift */; };
		A0000000000000000000011A /* OverviewMetricsSection.swift in Sources */ = {isa = PBXBuildFile; fileRef = A0000000000000000000002F /* OverviewMetricsSection.swift */; };
		A0000000000000000000011B /* OverviewTrendChartView.swift in Sources */ = {isa = PBXBuildFile; fileRef = A00000000000000000000030 /* OverviewTrendChartView.swift */; };
		A0000000000000000000011C /* OverviewBucketTable.swift in Sources */ = {isa = PBXBuildFile; fileRef = A00000000000000000000031 /* OverviewBucketTable.swift */; };
		A0000000000000000000011D /* OverviewStackedBucket.swift in Sources */ = {isa = PBXBuildFile; fileRef = A00000000000000000000034 /* OverviewStackedBucket.swift */; };
		A0000000000000000000011E /* Assets.xcassets in Resources */ = {isa = PBXBuildFile; fileRef = A00000000000000000000035 /* Assets.xcassets */; };
		A00000000000000000000121 /* AppModelTests.swift in Sources */ = {isa = PBXBuildFile; fileRef = A00000000000000000000024 /* AppModelTests.swift */; };
		A00000000000000000000122 /* CalendarStatisticsAggregatorTests.swift in Sources */ = {isa = PBXBuildFile; fileRef = A00000000000000000000025 /* CalendarStatisticsAggregatorTests.swift */; };
		A00000000000000000000123 /* EventKitCalendarAccessServiceTests.swift in Sources */ = {isa = PBXBuildFile; fileRef = A00000000000000000000026 /* EventKitCalendarAccessServiceTests.swift */; };
		A00000000000000000000124 /* PresentationTests.swift in Sources */ = {isa = PBXBuildFile; fileRef = A00000000000000000000027 /* PresentationTests.swift */; };
		A00000000000000000000125 /* TimeOverviewTests.swift in Sources */ = {isa = PBXBuildFile; fileRef = A00000000000000000000028 /* TimeOverviewTests.swift */; };
		A00000000000000000000126 /* UserPreferencesTests.swift in Sources */ = {isa = PBXBuildFile; fileRef = A00000000000000000000029 /* UserPreferencesTests.swift */; };
		A00000000000000000000127 /* AIAnalysis.swift in Sources */ = {isa = PBXBuildFile; fileRef = A00000000000000000000042 /* AIAnalysis.swift */; };
		A00000000000000000000128 /* AIAnalysisServing.swift in Sources */ = {isa = PBXBuildFile; fileRef = A00000000000000000000043 /* AIAnalysisServing.swift */; };
		A00000000000000000000129 /* OpenAICompatibleAIAnalysisService.swift in Sources */ = {isa = PBXBuildFile; fileRef = A00000000000000000000044 /* OpenAICompatibleAIAnalysisService.swift */; };
		A0000000000000000000012A /* AIAPIKeyStoring.swift in Sources */ = {isa = PBXBuildFile; fileRef = A00000000000000000000045 /* AIAPIKeyStoring.swift */; };
		A0000000000000000000012B /* OverviewAIAnalysisSection.swift in Sources */ = {isa = PBXBuildFile; fileRef = A00000000000000000000046 /* OverviewAIAnalysisSection.swift */; };
		A0000000000000000000012C /* AIAnalysisAppModelTests.swift in Sources */ = {isa = PBXBuildFile; fileRef = A00000000000000000000047 /* AIAnalysisAppModelTests.swift */; };
		A0000000000000000000012D /* AIAnalysisServiceTests.swift in Sources */ = {isa = PBXBuildFile; fileRef = A00000000000000000000048 /* AIAnalysisServiceTests.swift */; };
		A00000000000000000000132 /* AIConversation.swift in Sources */ = {isa = PBXBuildFile; fileRef = A00000000000000000000049 /* AIConversation.swift */; };
		A00000000000000000000133 /* FileAIConversationArchiveStore.swift in Sources */ = {isa = PBXBuildFile; fileRef = A0000000000000000000004A /* FileAIConversationArchiveStore.swift */; };
		A00000000000000000000134 /* AIConversationArchiveStoreTests.swift in Sources */ = {isa = PBXBuildFile; fileRef = A0000000000000000000004B /* AIConversationArchiveStoreTests.swift */; };
		A00000000000000000000135 /* AIConversationContextTests.swift in Sources */ = {isa = PBXBuildFile; fileRef = A0000000000000000000004C /* AIConversationContextTests.swift */; };
		A00000000000000000000136 /* AIConversationServing.swift in Sources */ = {isa = PBXBuildFile; fileRef = A0000000000000000000004D /* AIConversationServing.swift */; };
		A00000000000000000000137 /* OpenAICompatibleAIConversationService.swift in Sources */ = {isa = PBXBuildFile; fileRef = A0000000000000000000004E /* OpenAICompatibleAIConversationService.swift */; };
		A00000000000000000000138 /* AIConversationServiceTests.swift in Sources */ = {isa = PBXBuildFile; fileRef = A0000000000000000000004F /* AIConversationServiceTests.swift */; };
		A00000000000000000000139 /* AIConversationAppModelTests.swift in Sources */ = {isa = PBXBuildFile; fileRef = A00000000000000000000052 /* AIConversationAppModelTests.swift */; };
		A0000000000000000000013A /* AIProvider.swift in Sources */ = {isa = PBXBuildFile; fileRef = A00000000000000000000053 /* AIProvider.swift */; };
		A0000000000000000000013B /* AIProviderSettingsTests.swift in Sources */ = {isa = PBXBuildFile; fileRef = A00000000000000000000054 /* AIProviderSettingsTests.swift */; };
		A0000000000000000000013C /* AIConversationRoutingService.swift in Sources */ = {isa = PBXBuildFile; fileRef = A00000000000000000000055 /* AIConversationRoutingService.swift */; };
		A0000000000000000000013D /* AnthropicConversationService.swift in Sources */ = {isa = PBXBuildFile; fileRef = A00000000000000000000056 /* AnthropicConversationService.swift */; };
		A0000000000000000000013E /* DeepSeekConversationService.swift in Sources */ = {isa = PBXBuildFile; fileRef = A00000000000000000000057 /* DeepSeekConversationService.swift */; };
		A0000000000000000000013F /* GeminiConversationService.swift in Sources */ = {isa = PBXBuildFile; fileRef = A00000000000000000000058 /* GeminiConversationService.swift */; };
		A00000000000000000000140 /* OpenAIConversationService.swift in Sources */ = {isa = PBXBuildFile; fileRef = A00000000000000000000059 /* OpenAIConversationService.swift */; };
		A00000000000000000000141 /* AIConversationWindowView.swift in Sources */ = {isa = PBXBuildFile; fileRef = A0000000000000000000005A /* AIConversationWindowView.swift */; };
		A00000000000000000000142 /* AIConversationMessagesView.swift in Sources */ = {isa = PBXBuildFile; fileRef = A0000000000000000000005B /* AIConversationMessagesView.swift */; };
		A00000000000000000000143 /* AIConversationComposerView.swift in Sources */ = {isa = PBXBuildFile; fileRef = A0000000000000000000005C /* AIConversationComposerView.swift */; };
		A00000000000000000000144 /* AIConversationHistoryView.swift in Sources */ = {isa = PBXBuildFile; fileRef = A0000000000000000000005D /* AIConversationHistoryView.swift */; };
		A00000000000000000000145 /* AIConversationRoutingServiceTests.swift in Sources */ = {isa = PBXBuildFile; fileRef = A0000000000000000000005E /* AIConversationRoutingServiceTests.swift */; };
		A00000000000000000000146 /* AIServiceEndpoint.swift in Sources */ = {isa = PBXBuildFile; fileRef = A0000000000000000000005F /* AIServiceEndpoint.swift */; };
		A00000000000000000000147 /* ReviewReminderScheduling.swift in Sources */ = {isa = PBXBuildFile; fileRef = A00000000000000000000093 /* ReviewReminderScheduling.swift */; };
		A00000000000000000000148 /* ReviewReminderSchedulingTests.swift in Sources */ = {isa = PBXBuildFile; fileRef = A00000000000000000000094 /* ReviewReminderSchedulingTests.swift */; };
/* End PBXBuildFile section */

/* Begin PBXContainerItemProxy section */
		A00000000000000000000130 /* PBXContainerItemProxy */ = {
			isa = PBXContainerItemProxy;
			containerPortal = A00000000000000000000001 /* Project object */;
			proxyType = 1;
			remoteGlobalIDString = A00000000000000000000032;
			remoteInfo = iTime;
		};
/* End PBXContainerItemProxy section */

/* Begin PBXFileReference section */
		A00000000000000000000002 /* README.md */ = {isa = PBXFileReference; lastKnownFileType = net.daringfireball.markdown; path = README.md; sourceTree = "<group>"; };
		A00000000000000000000003 /* Package.swift */ = {isa = PBXFileReference; lastKnownFileType = sourcecode.swift; path = Package.swift; sourceTree = "<group>"; };
		A00000000000000000000004 /* .gitignore */ = {isa = PBXFileReference; lastKnownFileType = text; path = .gitignore; sourceTree = "<group>"; };
		A00000000000000000000010 /* iTimeApp.swift */ = {isa = PBXFileReference; lastKnownFileType = sourcecode.swift; path = iTimeApp.swift; sourceTree = "<group>"; };
		A00000000000000000000011 /* AppModel.swift */ = {isa = PBXFileReference; lastKnownFileType = sourcecode.swift; path = AppModel.swift; sourceTree = "<group>"; };
		A00000000000000000000012 /* CalendarEventRecord.swift */ = {isa = PBXFileReference; lastKnownFileType = sourcecode.swift; path = CalendarEventRecord.swift; sourceTree = "<group>"; };
		A00000000000000000000013 /* CalendarSource.swift */ = {isa = PBXFileReference; lastKnownFileType = sourcecode.swift; path = CalendarSource.swift; sourceTree = "<group>"; };
		A00000000000000000000014 /* TimeBucketSummary.swift */ = {isa = PBXFileReference; lastKnownFileType = sourcecode.swift; path = TimeBucketSummary.swift; sourceTree = "<group>"; };
		A00000000000000000000015 /* TimeOverview.swift */ = {isa = PBXFileReference; lastKnownFileType = sourcecode.swift; path = TimeOverview.swift; sourceTree = "<group>"; };
		A00000000000000000000016 /* TimeRangePreset.swift */ = {isa = PBXFileReference; lastKnownFileType = sourcecode.swift; path = TimeRangePreset.swift; sourceTree = "<group>"; };
		A00000000000000000000017 /* CalendarAccessServing.swift */ = {isa = PBXFileReference; lastKnownFileType = sourcecode.swift; path = CalendarAccessServing.swift; sourceTree = "<group>"; };
		A00000000000000000000018 /* CalendarStatisticsAggregator.swift */ = {isa = PBXFileReference; lastKnownFileType = sourcecode.swift; path = CalendarStatisticsAggregator.swift; sourceTree = "<group>"; };
		A00000000000000000000019 /* EventKitCalendarAccessService.swift */ = {isa = PBXFileReference; lastKnownFileType = sourcecode.swift; path = EventKitCalendarAccessService.swift; sourceTree = "<group>"; };
		A0000000000000000000001A /* StatisticsAggregating.swift */ = {isa = PBXFileReference; lastKnownFileType = sourcecode.swift; path = StatisticsAggregating.swift; sourceTree = "<group>"; };
		A0000000000000000000001B /* TimeInterval+Formatting.swift */ = {isa = PBXFileReference; lastKnownFileType = sourcecode.swift; path = "TimeInterval+Formatting.swift"; sourceTree = "<group>"; };
		A0000000000000000000001C /* CGColor+Hex.swift */ = {isa = PBXFileReference; lastKnownFileType = sourcecode.swift; path = "CGColor+Hex.swift"; sourceTree = "<group>"; };
		A0000000000000000000001D /* AuthorizationStateView.swift */ = {isa = PBXFileReference; lastKnownFileType = sourcecode.swift; path = AuthorizationStateView.swift; sourceTree = "<group>"; };
		A0000000000000000000001E /* RangePicker.swift */ = {isa = PBXFileReference; lastKnownFileType = sourcecode.swift; path = RangePicker.swift; sourceTree = "<group>"; };
		A0000000000000000000001F /* MenuBarContentView.swift */ = {isa = PBXFileReference; lastKnownFileType = sourcecode.swift; path = MenuBarContentView.swift; sourceTree = "<group>"; };
		A00000000000000000000020 /* OverviewChartView.swift */ = {isa = PBXFileReference; lastKnownFileType = sourcecode.swift; path = OverviewChartView.swift; sourceTree = "<group>"; };
		A00000000000000000000021 /* OverviewWindowView.swift */ = {isa = PBXFileReference; lastKnownFileType = sourcecode.swift; path = OverviewWindowView.swift; sourceTree = "<group>"; };
		A00000000000000000000022 /* Color+Hex.swift */ = {isa = PBXFileReference; lastKnownFileType = sourcecode.swift; path = "Color+Hex.swift"; sourceTree = "<group>"; };
		A00000000000000000000023 /* LiquidGlassCard.swift */ = {isa = PBXFileReference; lastKnownFileType = sourcecode.swift; path = LiquidGlassCard.swift; sourceTree = "<group>"; };
		A00000000000000000000024 /* AppModelTests.swift */ = {isa = PBXFileReference; lastKnownFileType = sourcecode.swift; path = AppModelTests.swift; sourceTree = "<group>"; };
		A00000000000000000000025 /* CalendarStatisticsAggregatorTests.swift */ = {isa = PBXFileReference; lastKnownFileType = sourcecode.swift; path = CalendarStatisticsAggregatorTests.swift; sourceTree = "<group>"; };
		A00000000000000000000026 /* EventKitCalendarAccessServiceTests.swift */ = {isa = PBXFileReference; lastKnownFileType = sourcecode.swift; path = EventKitCalendarAccessServiceTests.swift; sourceTree = "<group>"; };
		A00000000000000000000027 /* PresentationTests.swift */ = {isa = PBXFileReference; lastKnownFileType = sourcecode.swift; path = PresentationTests.swift; sourceTree = "<group>"; };
		A00000000000000000000028 /* TimeOverviewTests.swift */ = {isa = PBXFileReference; lastKnownFileType = sourcecode.swift; path = TimeOverviewTests.swift; sourceTree = "<group>"; };
		A00000000000000000000029 /* UserPreferencesTests.swift */ = {isa = PBXFileReference; lastKnownFileType = sourcecode.swift; path = UserPreferencesTests.swift; sourceTree = "<group>"; };
		A0000000000000000000002A /* UserPreferences.swift */ = {isa = PBXFileReference; lastKnownFileType = sourcecode.swift; path = UserPreferences.swift; sourceTree = "<group>"; };
		A0000000000000000000002B /* SettingsView.swift */ = {isa = PBXFileReference; lastKnownFileType = sourcecode.swift; path = SettingsView.swift; sourceTree = "<group>"; };
		A0000000000000000000002C /* AppTheme.swift */ = {isa = PBXFileReference; lastKnownFileType = sourcecode.swift; path = AppTheme.swift; sourceTree = "<group>"; };
		A0000000000000000000002D /* StatisticsDateRange.swift */ = {isa = PBXFileReference; lastKnownFileType = sourcecode.swift; path = StatisticsDateRange.swift; sourceTree = "<group>"; };
		A0000000000000000000002E /* DailyDurationSummary.swift */ = {isa = PBXFileReference; lastKnownFileType = sourcecode.swift; path = DailyDurationSummary.swift; sourceTree = "<group>"; };
		A0000000000000000000002F /* OverviewMetricsSection.swift */ = {isa = PBXFileReference; lastKnownFileType = sourcecode.swift; path = OverviewMetricsSection.swift; sourceTree = "<group>"; };
		A00000000000000000000030 /* OverviewTrendChartView.swift */ = {isa = PBXFileReference; lastKnownFileType = sourcecode.swift; path = OverviewTrendChartView.swift; sourceTree = "<group>"; };
		A00000000000000000000031 /* OverviewBucketTable.swift */ = {isa = PBXFileReference; lastKnownFileType = sourcecode.swift; path = OverviewBucketTable.swift; sourceTree = "<group>"; };
		A00000000000000000000034 /* OverviewStackedBucket.swift */ = {isa = PBXFileReference; lastKnownFileType = sourcecode.swift; path = OverviewStackedBucket.swift; sourceTree = "<group>"; };
		A00000000000000000000035 /* Assets.xcassets */ = {isa = PBXFileReference; lastKnownFileType = folder.assetcatalog; path = Assets.xcassets; sourceTree = "<group>"; };
		A00000000000000000000040 /* iTime.app */ = {isa = PBXFileReference; explicitFileType = wrapper.application; includeInIndex = 0; path = iTime.app; sourceTree = BUILT_PRODUCTS_DIR; };
		A00000000000000000000041 /* iTimeTests.xctest */ = {isa = PBXFileReference; explicitFileType = wrapper.cfbundle; includeInIndex = 0; path = iTimeTests.xctest; sourceTree = BUILT_PRODUCTS_DIR; };
		A00000000000000000000042 /* AIAnalysis.swift */ = {isa = PBXFileReference; lastKnownFileType = sourcecode.swift; path = AIAnalysis.swift; sourceTree = "<group>"; };
		A00000000000000000000043 /* AIAnalysisServing.swift */ = {isa = PBXFileReference; lastKnownFileType = sourcecode.swift; path = AIAnalysisServing.swift; sourceTree = "<group>"; };
		A00000000000000000000044 /* OpenAICompatibleAIAnalysisService.swift */ = {isa = PBXFileReference; lastKnownFileType = sourcecode.swift; path = OpenAICompatibleAIAnalysisService.swift; sourceTree = "<group>"; };
		A00000000000000000000045 /* AIAPIKeyStoring.swift */ = {isa = PBXFileReference; lastKnownFileType = sourcecode.swift; path = AIAPIKeyStoring.swift; sourceTree = "<group>"; };
		A00000000000000000000046 /* OverviewAIAnalysisSection.swift */ = {isa = PBXFileReference; lastKnownFileType = sourcecode.swift; path = OverviewAIAnalysisSection.swift; sourceTree = "<group>"; };
		A00000000000000000000047 /* AIAnalysisAppModelTests.swift */ = {isa = PBXFileReference; lastKnownFileType = sourcecode.swift; path = AIAnalysisAppModelTests.swift; sourceTree = "<group>"; };
		A00000000000000000000048 /* AIAnalysisServiceTests.swift */ = {isa = PBXFileReference; lastKnownFileType = sourcecode.swift; path = AIAnalysisServiceTests.swift; sourceTree = "<group>"; };
		A00000000000000000000049 /* AIConversation.swift */ = {isa = PBXFileReference; lastKnownFileType = sourcecode.swift; path = AIConversation.swift; sourceTree = "<group>"; };
		A0000000000000000000004A /* FileAIConversationArchiveStore.swift */ = {isa = PBXFileReference; lastKnownFileType = sourcecode.swift; path = FileAIConversationArchiveStore.swift; sourceTree = "<group>"; };
		A0000000000000000000004B /* AIConversationArchiveStoreTests.swift */ = {isa = PBXFileReference; lastKnownFileType = sourcecode.swift; path = AIConversationArchiveStoreTests.swift; sourceTree = "<group>"; };
		A0000000000000000000004C /* AIConversationContextTests.swift */ = {isa = PBXFileReference; lastKnownFileType = sourcecode.swift; path = AIConversationContextTests.swift; sourceTree = "<group>"; };
		A0000000000000000000004D /* AIConversationServing.swift */ = {isa = PBXFileReference; lastKnownFileType = sourcecode.swift; path = AIConversationServing.swift; sourceTree = "<group>"; };
		A0000000000000000000004E /* OpenAICompatibleAIConversationService.swift */ = {isa = PBXFileReference; lastKnownFileType = sourcecode.swift; path = OpenAICompatibleAIConversationService.swift; sourceTree = "<group>"; };
		A0000000000000000000004F /* AIConversationServiceTests.swift */ = {isa = PBXFileReference; lastKnownFileType = sourcecode.swift; path = AIConversationServiceTests.swift; sourceTree = "<group>"; };
		A00000000000000000000052 /* AIConversationAppModelTests.swift */ = {isa = PBXFileReference; lastKnownFileType = sourcecode.swift; path = AIConversationAppModelTests.swift; sourceTree = "<group>"; };
		A00000000000000000000053 /* AIProvider.swift */ = {isa = PBXFileReference; lastKnownFileType = sourcecode.swift; path = AIProvider.swift; sourceTree = "<group>"; };
		A00000000000000000000054 /* AIProviderSettingsTests.swift */ = {isa = PBXFileReference; lastKnownFileType = sourcecode.swift; path = AIProviderSettingsTests.swift; sourceTree = "<group>"; };
		A00000000000000000000055 /* AIConversationRoutingService.swift */ = {isa = PBXFileReference; lastKnownFileType = sourcecode.swift; path = AIConversationRoutingService.swift; sourceTree = "<group>"; };
		A00000000000000000000056 /* AnthropicConversationService.swift */ = {isa = PBXFileReference; lastKnownFileType = sourcecode.swift; path = AnthropicConversationService.swift; sourceTree = "<group>"; };
		A00000000000000000000057 /* DeepSeekConversationService.swift */ = {isa = PBXFileReference; lastKnownFileType = sourcecode.swift; path = DeepSeekConversationService.swift; sourceTree = "<group>"; };
		A00000000000000000000058 /* GeminiConversationService.swift */ = {isa = PBXFileReference; lastKnownFileType = sourcecode.swift; path = GeminiConversationService.swift; sourceTree = "<group>"; };
		A00000000000000000000059 /* OpenAIConversationService.swift */ = {isa = PBXFileReference; lastKnownFileType = sourcecode.swift; path = OpenAIConversationService.swift; sourceTree = "<group>"; };
		A0000000000000000000005A /* AIConversationWindowView.swift */ = {isa = PBXFileReference; lastKnownFileType = sourcecode.swift; path = AIConversationWindowView.swift; sourceTree = "<group>"; };
		A0000000000000000000005B /* AIConversationMessagesView.swift */ = {isa = PBXFileReference; lastKnownFileType = sourcecode.swift; path = AIConversationMessagesView.swift; sourceTree = "<group>"; };
		A0000000000000000000005C /* AIConversationComposerView.swift */ = {isa = PBXFileReference; lastKnownFileType = sourcecode.swift; path = AIConversationComposerView.swift; sourceTree = "<group>"; };
		A0000000000000000000005D /* AIConversationHistoryView.swift */ = {isa = PBXFileReference; lastKnownFileType = sourcecode.swift; path = AIConversationHistoryView.swift; sourceTree = "<group>"; };
		A0000000000000000000005E /* AIConversationRoutingServiceTests.swift */ = {isa = PBXFileReference; lastKnownFileType = sourcecode.swift; path = AIConversationRoutingServiceTests.swift; sourceTree = "<group>"; };
		A0000000000000000000005F /* AIServiceEndpoint.swift */ = {isa = PBXFileReference; lastKnownFileType = sourcecode.swift; path = AIServiceEndpoint.swift; sourceTree = "<group>"; };
		A00000000000000000000093 /* ReviewReminderScheduling.swift */ = {isa = PBXFileReference; lastKnownFileType = sourcecode.swift; path = ReviewReminderScheduling.swift; sourceTree = "<group>"; };
		A00000000000000000000094 /* ReviewReminderSchedulingTests.swift */ = {isa = PBXFileReference; lastKnownFileType = sourcecode.swift; path = ReviewReminderSchedulingTests.swift; sourceTree = "<group>"; };
/* End PBXFileReference section */

/* Begin PBXFrameworksBuildPhase section */
		A00000000000000000000050 /* Frameworks */ = {
			isa = PBXFrameworksBuildPhase;
			buildActionMask = 2147483647;
			files = (
			);
			runOnlyForDeploymentPostprocessing = 0;
		};
		A00000000000000000000051 /* Frameworks */ = {
			isa = PBXFrameworksBuildPhase;
			buildActionMask = 2147483647;
			files = (
			);
			runOnlyForDeploymentPostprocessing = 0;
		};
/* End PBXFrameworksBuildPhase section */

/* Begin PBXGroup section */
		A00000000000000000000060 = {
			isa = PBXGroup;
			children = (
				A00000000000000000000002 /* README.md */,
				A00000000000000000000003 /* Package.swift */,
				A00000000000000000000004 /* .gitignore */,
				A00000000000000000000061 /* Sources */,
				A00000000000000000000070 /* Tests */,
				A00000000000000000000080 /* Products */,
			);
			sourceTree = "<group>";
		};
		A00000000000000000000061 /* Sources */ = {
			isa = PBXGroup;
			children = (
				A00000000000000000000062 /* iTime */,
			);
			path = Sources;
			sourceTree = "<group>";
		};
		A00000000000000000000062 /* iTime */ = {
			isa = PBXGroup;
			children = (
				A00000000000000000000010 /* iTimeApp.swift */,
				A00000000000000000000063 /* App */,
				A00000000000000000000064 /* Domain */,
				A00000000000000000000065 /* Services */,
				A00000000000000000000066 /* Support */,
				A00000000000000000000036 /* Resources */,
				A00000000000000000000069 /* UI */,
			);
			path = iTime;
			sourceTree = "<group>";
		};
		A00000000000000000000063 /* App */ = {
			isa = PBXGroup;
			children = (
				A00000000000000000000011 /* AppModel.swift */,
			);
			path = App;
			sourceTree = "<group>";
		};
		A00000000000000000000064 /* Domain */ = {
			isa = PBXGroup;
			children = (
				A00000000000000000000042 /* AIAnalysis.swift */,
				A00000000000000000000049 /* AIConversation.swift */,
				A00000000000000000000053 /* AIProvider.swift */,
				A0000000000000000000005F /* AIServiceEndpoint.swift */,
				A00000000000000000000012 /* CalendarEventRecord.swift */,
				A00000000000000000000013 /* CalendarSource.swift */,
				A0000000000000000000002E /* DailyDurationSummary.swift */,
				A00000000000000000000034 /* OverviewStackedBucket.swift */,
				A0000000000000000000002D /* StatisticsDateRange.swift */,
				A00000000000000000000014 /* TimeBucketSummary.swift */,
				A00000000000000000000015 /* TimeOverview.swift */,
				A00000000000000000000016 /* TimeRangePreset.swift */,
			);
			path = Domain;
			sourceTree = "<group>";
		};
		A00000000000000000000065 /* Services */ = {
			isa = PBXGroup;
			children = (
				A00000000000000000000043 /* AIAnalysisServing.swift */,
				A00000000000000000000055 /* AIConversationRoutingService.swift */,
				A0000000000000000000004D /* AIConversationServing.swift */,
				A00000000000000000000056 /* AnthropicConversationService.swift */,
				A00000000000000000000017 /* CalendarAccessServing.swift */,
				A00000000000000000000018 /* CalendarStatisticsAggregator.swift */,
				A00000000000000000000057 /* DeepSeekConversationService.swift */,
				A00000000000000000000019 /* EventKitCalendarAccessService.swift */,
				A00000000000000000000058 /* GeminiConversationService.swift */,
				A00000000000000000000059 /* OpenAIConversationService.swift */,
				A00000000000000000000044 /* OpenAICompatibleAIAnalysisService.swift */,
				A0000000000000000000004E /* OpenAICompatibleAIConversationService.swift */,
				A00000000000000000000093 /* ReviewReminderScheduling.swift */,
				A0000000000000000000001A /* StatisticsAggregating.swift */,
			);
			path = Services;
			sourceTree = "<group>";
		};
		A00000000000000000000066 /* Support */ = {
			isa = PBXGroup;
			children = (
				A00000000000000000000067 /* Persistence */,
				A00000000000000000000068 /* Formatting */,
			);
			path = Support;
			sourceTree = "<group>";
		};
		A00000000000000000000067 /* Persistence */ = {
			isa = PBXGroup;
			children = (
				A00000000000000000000045 /* AIAPIKeyStoring.swift */,
				A0000000000000000000004A /* FileAIConversationArchiveStore.swift */,
				A0000000000000000000002A /* UserPreferences.swift */,
			);
			path = Persistence;
			sourceTree = "<group>";
		};
		A00000000000000000000068 /* Formatting */ = {
			isa = PBXGroup;
			children = (
				A0000000000000000000001B /* TimeInterval+Formatting.swift */,
				A0000000000000000000001C /* CGColor+Hex.swift */,
			);
			path = Formatting;
			sourceTree = "<group>";
		};
		A00000000000000000000036 /* Resources */ = {
			isa = PBXGroup;
			children = (
				A00000000000000000000035 /* Assets.xcassets */,
			);
			path = Resources;
			sourceTree = "<group>";
		};
		A00000000000000000000069 /* UI */ = {
			isa = PBXGroup;
			children = (
				A0000000000000000000006F /* AIConversation */,
				A0000000000000000000006A /* Components */,
				A0000000000000000000006B /* MenuBar */,
				A0000000000000000000006C /* Overview */,
				A0000000000000000000006E /* Settings */,
				A0000000000000000000006D /* Theme */,
			);
			path = UI;
			sourceTree = "<group>";
		};
		A0000000000000000000006A /* Components */ = {
			isa = PBXGroup;
			children = (
				A0000000000000000000001D /* AuthorizationStateView.swift */,
				A0000000000000000000001E /* RangePicker.swift */,
			);
			path = Components;
			sourceTree = "<group>";
		};
		A0000000000000000000006F /* AIConversation */ = {
			isa = PBXGroup;
			children = (
				A0000000000000000000005C /* AIConversationComposerView.swift */,
				A0000000000000000000005D /* AIConversationHistoryView.swift */,
				A0000000000000000000005B /* AIConversationMessagesView.swift */,
				A0000000000000000000005A /* AIConversationWindowView.swift */,
			);
			path = AIConversation;
			sourceTree = "<group>";
		};
		A0000000000000000000006B /* MenuBar */ = {
			isa = PBXGroup;
			children = (
				A0000000000000000000001F /* MenuBarContentView.swift */,
			);
			path = MenuBar;
			sourceTree = "<group>";
		};
		A0000000000000000000006C /* Overview */ = {
			isa = PBXGroup;
			children = (
				A00000000000000000000046 /* OverviewAIAnalysisSection.swift */,
				A00000000000000000000031 /* OverviewBucketTable.swift */,
				A00000000000000000000020 /* OverviewChartView.swift */,
				A0000000000000000000002F /* OverviewMetricsSection.swift */,
				A00000000000000000000030 /* OverviewTrendChartView.swift */,
				A00000000000000000000021 /* OverviewWindowView.swift */,
			);
			path = Overview;
			sourceTree = "<group>";
		};
		A0000000000000000000006D /* Theme */ = {
			isa = PBXGroup;
			children = (
				A0000000000000000000002C /* AppTheme.swift */,
				A00000000000000000000022 /* Color+Hex.swift */,
				A00000000000000000000023 /* LiquidGlassCard.swift */,
			);
			path = Theme;
			sourceTree = "<group>";
		};
		A0000000000000000000006E /* Settings */ = {
			isa = PBXGroup;
			children = (
				A0000000000000000000002B /* SettingsView.swift */,
			);
			path = Settings;
			sourceTree = "<group>";
		};
		A00000000000000000000070 /* Tests */ = {
			isa = PBXGroup;
			children = (
				A00000000000000000000071 /* iTimeTests */,
			);
			path = Tests;
			sourceTree = "<group>";
		};
		A00000000000000000000071 /* iTimeTests */ = {
			isa = PBXGroup;
			children = (
				A00000000000000000000047 /* AIAnalysisAppModelTests.swift */,
				A00000000000000000000048 /* AIAnalysisServiceTests.swift */,
				A0000000000000000000004B /* AIConversationArchiveStoreTests.swift */,
				A00000000000000000000052 /* AIConversationAppModelTests.swift */,
				A0000000000000000000004C /* AIConversationContextTests.swift */,
				A0000000000000000000005E /* AIConversationRoutingServiceTests.swift */,
				A0000000000000000000004F /* AIConversationServiceTests.swift */,
				A00000000000000000000054 /* AIProviderSettingsTests.swift */,
				A00000000000000000000024 /* AppModelTests.swift */,
				A00000000000000000000025 /* CalendarStatisticsAggregatorTests.swift */,
				A00000000000000000000026 /* EventKitCalendarAccessServiceTests.swift */,
				A00000000000000000000027 /* PresentationTests.swift */,
				A00000000000000000000094 /* ReviewReminderSchedulingTests.swift */,
				A00000000000000000000028 /* TimeOverviewTests.swift */,
				A00000000000000000000029 /* UserPreferencesTests.swift */,
			);
			path = iTimeTests;
			sourceTree = "<group>";
		};
		A00000000000000000000080 /* Products */ = {
			isa = PBXGroup;
			children = (
				A00000000000000000000040 /* iTime.app */,
				A00000000000000000000041 /* iTimeTests.xctest */,
			);
			name = Products;
			sourceTree = "<group>";
		};
/* End PBXGroup section */

/* Begin PBXNativeTarget section */
		A00000000000000000000032 /* iTime */ = {
			isa = PBXNativeTarget;
			buildConfigurationList = A000000000000000000000A0 /* Build configuration list for PBXNativeTarget "iTime" */;
			buildPhases = (
				A00000000000000000000050 /* Frameworks */,
				A00000000000000000000090 /* Sources */,
				A00000000000000000000092 /* Resources */,
			);
			buildRules = (
			);
			dependencies = (
			);
			name = iTime;
			productName = iTime;
			productReference = A00000000000000000000040 /* iTime.app */;
			productType = "com.apple.product-type.application";
		};
		A00000000000000000000033 /* iTimeTests */ = {
			isa = PBXNativeTarget;
			buildConfigurationList = A000000000000000000000A1 /* Build configuration list for PBXNativeTarget "iTimeTests" */;
			buildPhases = (
				A00000000000000000000051 /* Frameworks */,
				A00000000000000000000091 /* Sources */,
			);
			buildRules = (
			);
			dependencies = (
				A00000000000000000000131 /* PBXTargetDependency */,
			);
			name = iTimeTests;
			productName = iTimeTests;
			productReference = A00000000000000000000041 /* iTimeTests.xctest */;
			productType = "com.apple.product-type.bundle.unit-test";
		};
/* End PBXNativeTarget section */

/* Begin PBXProject section */
		A00000000000000000000001 /* Project object */ = {
			isa = PBXProject;
			attributes = {
				BuildIndependentTargetsInParallel = 1;
				LastSwiftUpdateCheck = 2604;
				LastUpgradeCheck = 2640;
				TargetAttributes = {
					A00000000000000000000032 = {
						CreatedOnToolsVersion = 26.4;
					};
					A00000000000000000000033 = {
						CreatedOnToolsVersion = 26.4;
						TestTargetID = A00000000000000000000032;
					};
				};
			};
			buildConfigurationList = A000000000000000000000A2 /* Build configuration list for PBXProject "iTime" */;
			compatibilityVersion = "Xcode 16.0";
			developmentRegion = en;
			hasScannedForEncodings = 0;
			knownRegions = (
				en,
				Base,
			);
			mainGroup = A00000000000000000000060;
			minimizedProjectReferenceProxies = 1;
			productRefGroup = A00000000000000000000080 /* Products */;
			projectDirPath = "";
			projectRoot = "";
			targets = (
				A00000000000000000000032 /* iTime */,
				A00000000000000000000033 /* iTimeTests */,
			);
		};
/* End PBXProject section */

/* Begin PBXResourcesBuildPhase section */
		A00000000000000000000092 /* Resources */ = {
			isa = PBXResourcesBuildPhase;
			buildActionMask = 2147483647;
			files = (
				A0000000000000000000011E /* Assets.xcassets in Resources */,
			);
			runOnlyForDeploymentPostprocessing = 0;
		};
/* End PBXResourcesBuildPhase section */

/* Begin PBXSourcesBuildPhase section */
		A00000000000000000000090 /* Sources */ = {
			isa = PBXSourcesBuildPhase;
			buildActionMask = 2147483647;
			files = (
				A00000000000000000000127 /* AIAnalysis.swift in Sources */,
				A0000000000000000000012A /* AIAPIKeyStoring.swift in Sources */,
				A00000000000000000000128 /* AIAnalysisServing.swift in Sources */,
				A00000000000000000000132 /* AIConversation.swift in Sources */,
				A00000000000000000000144 /* AIConversationHistoryView.swift in Sources */,
				A00000000000000000000142 /* AIConversationMessagesView.swift in Sources */,
				A0000000000000000000013C /* AIConversationRoutingService.swift in Sources */,
				A00000000000000000000136 /* AIConversationServing.swift in Sources */,
				A00000000000000000000143 /* AIConversationComposerView.swift in Sources */,
				A00000000000000000000141 /* AIConversationWindowView.swift in Sources */,
				A0000000000000000000013D /* AnthropicConversationService.swift in Sources */,
				A0000000000000000000013A /* AIProvider.swift in Sources */,
				A00000000000000000000146 /* AIServiceEndpoint.swift in Sources */,
				A00000000000000000000102 /* AppModel.swift in Sources */,
				A00000000000000000000108 /* CalendarAccessServing.swift in Sources */,
				A00000000000000000000109 /* CalendarStatisticsAggregator.swift in Sources */,
				A00000000000000000000103 /* CalendarEventRecord.swift in Sources */,
				A00000000000000000000104 /* CalendarSource.swift in Sources */,
				A0000000000000000000010D /* CGColor+Hex.swift in Sources */,
				A0000000000000000000013E /* DeepSeekConversationService.swift in Sources */,
				A0000000000000000000010A /* EventKitCalendarAccessService.swift in Sources */,
				A00000000000000000000133 /* FileAIConversationArchiveStore.swift in Sources */,
				A0000000000000000000013F /* GeminiConversationService.swift in Sources */,
				A0000000000000000000010E /* AuthorizationStateView.swift in Sources */,
				A00000000000000000000117 /* AppTheme.swift in Sources */,
				A00000000000000000000113 /* Color+Hex.swift in Sources */,
				A00000000000000000000101 /* iTimeApp.swift in Sources */,
				A00000000000000000000114 /* LiquidGlassCard.swift in Sources */,
				A00000000000000000000110 /* MenuBarContentView.swift in Sources */,
				A00000000000000000000140 /* OpenAIConversationService.swift in Sources */,
				A00000000000000000000129 /* OpenAICompatibleAIAnalysisService.swift in Sources */,
				A00000000000000000000137 /* OpenAICompatibleAIConversationService.swift in Sources */,
				A0000000000000000000012B /* OverviewAIAnalysisSection.swift in Sources */,
				A00000000000000000000111 /* OverviewChartView.swift in Sources */,
				A0000000000000000000011A /* OverviewMetricsSection.swift in Sources */,
				A0000000000000000000011B /* OverviewTrendChartView.swift in Sources */,
				A0000000000000000000011C /* OverviewBucketTable.swift in Sources */,
				A00000000000000000000112 /* OverviewWindowView.swift in Sources */,
				A0000000000000000000010F /* RangePicker.swift in Sources */,
				A00000000000000000000147 /* ReviewReminderScheduling.swift in Sources */,
				A00000000000000000000116 /* SettingsView.swift in Sources */,
				A00000000000000000000119 /* DailyDurationSummary.swift in Sources */,
				A0000000000000000000011D /* OverviewStackedBucket.swift in Sources */,
				A00000000000000000000118 /* StatisticsDateRange.swift in Sources */,
				A0000000000000000000010B /* StatisticsAggregating.swift in Sources */,
				A0000000000000000000010C /* TimeInterval+Formatting.swift in Sources */,
				A00000000000000000000105 /* TimeBucketSummary.swift in Sources */,
				A00000000000000000000106 /* TimeOverview.swift in Sources */,
				A00000000000000000000107 /* TimeRangePreset.swift in Sources */,
				A00000000000000000000115 /* UserPreferences.swift in Sources */,
			);
			runOnlyForDeploymentPostprocessing = 0;
		};
		A00000000000000000000091 /* Sources */ = {
			isa = PBXSourcesBuildPhase;
			buildActionMask = 2147483647;
			files = (
				A0000000000000000000012C /* AIAnalysisAppModelTests.swift in Sources */,
				A0000000000000000000012D /* AIAnalysisServiceTests.swift in Sources */,
				A00000000000000000000134 /* AIConversationArchiveStoreTests.swift in Sources */,
				A00000000000000000000139 /* AIConversationAppModelTests.swift in Sources */,
				A00000000000000000000135 /* AIConversationContextTests.swift in Sources */,
				A00000000000000000000145 /* AIConversationRoutingServiceTests.swift in Sources */,
				A00000000000000000000138 /* AIConversationServiceTests.swift in Sources */,
				A0000000000000000000013B /* AIProviderSettingsTests.swift in Sources */,
				A00000000000000000000121 /* AppModelTests.swift in Sources */,
				A00000000000000000000122 /* CalendarStatisticsAggregatorTests.swift in Sources */,
				A00000000000000000000123 /* EventKitCalendarAccessServiceTests.swift in Sources */,
				A00000000000000000000124 /* PresentationTests.swift in Sources */,
				A00000000000000000000148 /* ReviewReminderSchedulingTests.swift in Sources */,
				A00000000000000000000125 /* TimeOverviewTests.swift in Sources */,
				A00000000000000000000126 /* UserPreferencesTests.swift in Sources */,
			);
			runOnlyForDeploymentPostprocessing = 0;
		};
/* End PBXSourcesBuildPhase section */

/* Begin PBXTargetDependency section */
		A00000000000000000000131 /* PBXTargetDependency */ = {
			isa = PBXTargetDependency;
			target = A00000000000000000000032 /* iTime */;
			targetProxy = A00000000000000000000130 /* PBXContainerItemProxy */;
		};
/* End PBXTargetDependency section */

/* Begin XCBuildConfiguration section */
		A000000000000000000000B0 /* Debug */ = {
			isa = XCBuildConfiguration;
			buildSettings = {
				ALWAYS_SEARCH_USER_PATHS = NO;
				CLANG_WARN_BLOCK_CAPTURE_AUTORELEASING = YES;
				CLANG_WARN_BOOL_CONVERSION = YES;
				CLANG_WARN_COMMA = YES;
				CLANG_WARN_CONSTANT_CONVERSION = YES;
				CLANG_WARN_DEPRECATED_OBJC_IMPLEMENTATIONS = YES;
				CLANG_WARN_DOCUMENTATION_COMMENTS = YES;
				CLANG_WARN_EMPTY_BODY = YES;
				CLANG_WARN_ENUM_CONVERSION = YES;
				CLANG_WARN_INFINITE_RECURSION = YES;
				CLANG_WARN_INT_CONVERSION = YES;
				CLANG_WARN_NON_LITERAL_NULL_CONVERSION = YES;
				CLANG_WARN_OBJC_IMPLICIT_RETAIN_SELF = YES;
				CLANG_WARN_OBJC_LITERAL_CONVERSION = YES;
				CLANG_WARN_QUOTED_INCLUDE_IN_FRAMEWORK_HEADER = YES;
				CLANG_WARN_RANGE_LOOP_ANALYSIS = YES;
				CLANG_WARN_STRICT_PROTOTYPES = YES;
				CLANG_WARN_SUSPICIOUS_MOVE = YES;
				CLANG_WARN_UNGUARDED_AVAILABILITY = YES_AGGRESSIVE;
				CLANG_WARN_UNREACHABLE_CODE = YES;
				CLANG_WARN__DUPLICATE_METHOD_MATCH = YES;
				DEAD_CODE_STRIPPING = YES;
				ENABLE_STRICT_OBJC_MSGSEND = YES;
				ENABLE_TESTABILITY = YES;
				ENABLE_USER_SCRIPT_SANDBOXING = YES;
				GCC_C_LANGUAGE_STANDARD = gnu17;
				GCC_NO_COMMON_BLOCKS = YES;
				GCC_WARN_64_TO_32_BIT_CONVERSION = YES;
				GCC_WARN_ABOUT_RETURN_TYPE = YES;
				GCC_WARN_UNDECLARED_SELECTOR = YES;
				GCC_WARN_UNINITIALIZED_AUTOS = YES;
				GCC_WARN_UNUSED_FUNCTION = YES;
				GCC_WARN_UNUSED_VARIABLE = YES;
				MACOSX_DEPLOYMENT_TARGET = 26.0;
				ONLY_ACTIVE_ARCH = YES;
				SDKROOT = macosx;
				STRING_CATALOG_GENERATE_SYMBOLS = YES;
				SWIFT_STRICT_CONCURRENCY = complete;
				SWIFT_VERSION = 6.0;
			};
			name = Debug;
		};
		A000000000000000000000B1 /* Release */ = {
			isa = XCBuildConfiguration;
			buildSettings = {
				ALWAYS_SEARCH_USER_PATHS = NO;
				CLANG_WARN_BLOCK_CAPTURE_AUTORELEASING = YES;
				CLANG_WARN_BOOL_CONVERSION = YES;
				CLANG_WARN_COMMA = YES;
				CLANG_WARN_CONSTANT_CONVERSION = YES;
				CLANG_WARN_DEPRECATED_OBJC_IMPLEMENTATIONS = YES;
				CLANG_WARN_DOCUMENTATION_COMMENTS = YES;
				CLANG_WARN_EMPTY_BODY = YES;
				CLANG_WARN_ENUM_CONVERSION = YES;
				CLANG_WARN_INFINITE_RECURSION = YES;
				CLANG_WARN_INT_CONVERSION = YES;
				CLANG_WARN_NON_LITERAL_NULL_CONVERSION = YES;
				CLANG_WARN_OBJC_IMPLICIT_RETAIN_SELF = YES;
				CLANG_WARN_OBJC_LITERAL_CONVERSION = YES;
				CLANG_WARN_QUOTED_INCLUDE_IN_FRAMEWORK_HEADER = YES;
				CLANG_WARN_RANGE_LOOP_ANALYSIS = YES;
				CLANG_WARN_STRICT_PROTOTYPES = YES;
				CLANG_WARN_SUSPICIOUS_MOVE = YES;
				CLANG_WARN_UNGUARDED_AVAILABILITY = YES_AGGRESSIVE;
				CLANG_WARN_UNREACHABLE_CODE = YES;
				CLANG_WARN__DUPLICATE_METHOD_MATCH = YES;
				DEAD_CODE_STRIPPING = YES;
				ENABLE_STRICT_OBJC_MSGSEND = YES;
				ENABLE_USER_SCRIPT_SANDBOXING = YES;
				GCC_C_LANGUAGE_STANDARD = gnu17;
				GCC_NO_COMMON_BLOCKS = YES;
				GCC_WARN_64_TO_32_BIT_CONVERSION = YES;
				GCC_WARN_ABOUT_RETURN_TYPE = YES;
				GCC_WARN_UNDECLARED_SELECTOR = YES;
				GCC_WARN_UNINITIALIZED_AUTOS = YES;
				GCC_WARN_UNUSED_FUNCTION = YES;
				GCC_WARN_UNUSED_VARIABLE = YES;
				MACOSX_DEPLOYMENT_TARGET = 26.0;
				SDKROOT = macosx;
				STRING_CATALOG_GENERATE_SYMBOLS = YES;
				SWIFT_COMPILATION_MODE = wholemodule;
				SWIFT_STRICT_CONCURRENCY = complete;
				SWIFT_VERSION = 6.0;
			};
			name = Release;
		};
		A000000000000000000000B2 /* Debug */ = {
			isa = XCBuildConfiguration;
			buildSettings = {
				CLANG_ENABLE_OBJC_WEAK = YES;
				CODE_SIGNING_ALLOWED = NO;
				CODE_SIGNING_REQUIRED = NO;
				CURRENT_PROJECT_VERSION = 1;
				DEAD_CODE_STRIPPING = YES;
				DEFINES_MODULE = YES;
				ASSETCATALOG_COMPILER_APPICON_NAME = AppIcon;
				ENABLE_APP_SANDBOX = NO;
				ENABLE_HARDENED_RUNTIME = NO;
				ENABLE_MODULE_VERIFIER = YES;
				ENABLE_TESTABILITY = YES;
				GCC_OPTIMIZATION_LEVEL = 0;
				GENERATE_INFOPLIST_FILE = YES;
				INFOPLIST_KEY_CFBundleDisplayName = iTime;
				INFOPLIST_KEY_LSApplicationCategoryType = "public.app-category.productivity";
				INFOPLIST_KEY_LSUIElement = YES;
				INFOPLIST_KEY_NSCalendarsFullAccessUsageDescription = "iTime needs calendar access to analyze where your scheduled time goes.";
				LD_RUNPATH_SEARCH_PATHS = (
					"$(inherited)",
					"@executable_path/../Frameworks",
				);
				MACOSX_DEPLOYMENT_TARGET = 26.0;
				MARKETING_VERSION = 1.0.0;
				MODULE_VERIFIER_SUPPORTED_LANGUAGE_STANDARDS = "gnu17 gnu++14";
				ONLY_ACTIVE_ARCH = YES;
				PRODUCT_BUNDLE_IDENTIFIER = com.amarantos.iTime;
				PRODUCT_NAME = "$(TARGET_NAME)";
				SWIFT_EMIT_LOC_STRINGS = YES;
				SWIFT_OPTIMIZATION_LEVEL = "-Onone";
				SWIFT_VERSION = 6.0;
			};
			name = Debug;
		};
		A000000000000000000000B3 /* Release */ = {
			isa = XCBuildConfiguration;
			buildSettings = {
				CLANG_ENABLE_OBJC_WEAK = YES;
				CODE_SIGNING_ALLOWED = NO;
				CODE_SIGNING_REQUIRED = NO;
				CURRENT_PROJECT_VERSION = 1;
				DEAD_CODE_STRIPPING = YES;
				DEFINES_MODULE = YES;
				ASSETCATALOG_COMPILER_APPICON_NAME = AppIcon;
				ENABLE_APP_SANDBOX = NO;
				ENABLE_HARDENED_RUNTIME = NO;
				ENABLE_MODULE_VERIFIER = YES;
				GENERATE_INFOPLIST_FILE = YES;
				INFOPLIST_KEY_CFBundleDisplayName = iTime;
				INFOPLIST_KEY_LSApplicationCategoryType = "public.app-category.productivity";
				INFOPLIST_KEY_LSUIElement = YES;
				INFOPLIST_KEY_NSCalendarsFullAccessUsageDescription = "iTime needs calendar access to analyze where your scheduled time goes.";
				LD_RUNPATH_SEARCH_PATHS = (
					"$(inherited)",
					"@executable_path/../Frameworks",
				);
				MACOSX_DEPLOYMENT_TARGET = 26.0;
				MARKETING_VERSION = 1.0.0;
				MODULE_VERIFIER_SUPPORTED_LANGUAGE_STANDARDS = "gnu17 gnu++14";
				PRODUCT_BUNDLE_IDENTIFIER = com.amarantos.iTime;
				PRODUCT_NAME = "$(TARGET_NAME)";
				SWIFT_COMPILATION_MODE = wholemodule;
				SWIFT_EMIT_LOC_STRINGS = YES;
				SWIFT_VERSION = 6.0;
			};
			name = Release;
		};
		A000000000000000000000B4 /* Debug */ = {
			isa = XCBuildConfiguration;
			buildSettings = {
				BUNDLE_LOADER = "$(TEST_HOST)";
				CLANG_ENABLE_OBJC_WEAK = YES;
				CODE_SIGNING_ALLOWED = NO;
				CODE_SIGNING_REQUIRED = NO;
				CURRENT_PROJECT_VERSION = 1;
				DEAD_CODE_STRIPPING = YES;
				ENABLE_TESTABILITY = YES;
				GCC_OPTIMIZATION_LEVEL = 0;
				GENERATE_INFOPLIST_FILE = YES;
				LD_RUNPATH_SEARCH_PATHS = (
					"$(inherited)",
					"@loader_path/../Frameworks",
				);
				MACOSX_DEPLOYMENT_TARGET = 26.0;
				ONLY_ACTIVE_ARCH = YES;
				PRODUCT_BUNDLE_IDENTIFIER = com.amarantos.iTimeTests;
				PRODUCT_NAME = "$(TARGET_NAME)";
				SWIFT_OPTIMIZATION_LEVEL = "-Onone";
				SWIFT_VERSION = 6.0;
				TEST_HOST = "$(BUILT_PRODUCTS_DIR)/iTime.app/Contents/MacOS/iTime";
				TEST_TARGET_NAME = iTime;
			};
			name = Debug;
		};
		A000000000000000000000B5 /* Release */ = {
			isa = XCBuildConfiguration;
			buildSettings = {
				BUNDLE_LOADER = "$(TEST_HOST)";
				CLANG_ENABLE_OBJC_WEAK = YES;
				CODE_SIGNING_ALLOWED = NO;
				CODE_SIGNING_REQUIRED = NO;
				CURRENT_PROJECT_VERSION = 1;
				DEAD_CODE_STRIPPING = YES;
				GENERATE_INFOPLIST_FILE = YES;
				LD_RUNPATH_SEARCH_PATHS = (
					"$(inherited)",
					"@loader_path/../Frameworks",
				);
				MACOSX_DEPLOYMENT_TARGET = 26.0;
				PRODUCT_BUNDLE_IDENTIFIER = com.amarantos.iTimeTests;
				PRODUCT_NAME = "$(TARGET_NAME)";
				SWIFT_COMPILATION_MODE = wholemodule;
				SWIFT_VERSION = 6.0;
				TEST_HOST = "$(BUILT_PRODUCTS_DIR)/iTime.app/Contents/MacOS/iTime";
				TEST_TARGET_NAME = iTime;
			};
			name = Release;
		};
/* End XCBuildConfiguration section */

/* Begin XCConfigurationList section */
		A000000000000000000000A0 /* Build configuration list for PBXNativeTarget "iTime" */ = {
			isa = XCConfigurationList;
			buildConfigurations = (
				A000000000000000000000B2 /* Debug */,
				A000000000000000000000B3 /* Release */,
			);
			defaultConfigurationIsVisible = 0;
			defaultConfigurationName = Release;
		};
		A000000000000000000000A1 /* Build configuration list for PBXNativeTarget "iTimeTests" */ = {
			isa = XCConfigurationList;
			buildConfigurations = (
				A000000000000000000000B4 /* Debug */,
				A000000000000000000000B5 /* Release */,
			);
			defaultConfigurationIsVisible = 0;
			defaultConfigurationName = Release;
		};
		A000000000000000000000A2 /* Build configuration list for PBXProject "iTime" */ = {
			isa = XCConfigurationList;
			buildConfigurations = (
				A000000000000000000000B0 /* Debug */,
				A000000000000000000000B1 /* Release */,
			);
			defaultConfigurationIsVisible = 0;
			defaultConfigurationName = Release;
		};
/* End XCConfigurationList section */
	};
	rootObject = A00000000000000000000001 /* Project object */;
}
